
Microsoft Visual Studio Solution File, Format Version 12.00
# Visual Studio Version 16
VisualStudioVersion = 16.0.30406.217
MinimumVisualStudioVersion = 10.0.40219.1
Project("{FAE04EC0-301F-11D3-BF4B-00C04F79EFBC}") = "CmsPubSub", "CmsPubSub\CmsPubSub.csproj", "{F5E0174D-6FC1-4B98-90D2-786BA78E75BE}"
EndProject
Global
	GlobalSection(SolutionConfigurationPlatforms) = preSolution
		Debug|Any CPU = Debug|Any CPU
		Release|Any CPU = Release|Any CPU
	EndGlobalSection
	GlobalSection(ProjectConfigurationPlatforms) = postSolution
		{F5E0174D-6FC1-4B98-90D2-786BA78E75BE}.Debug|Any CPU.ActiveCfg = Debug|Any CPU
		{F5E0174D-6FC1-4B98-90D2-786BA78E75BE}.Debug|Any CPU.Build.0 = Debug|Any CPU
		{F5E0174D-6FC1-4B98-90D2-786BA78E75BE}.Release|Any CPU.ActiveCfg = Release|Any CPU
		{F5E0174D-6FC1-4B98-90D2-786BA78E75BE}.Release|Any CPU.Build.0 = Release|Any CPU
	EndGlobalSection
	GlobalSection(SolutionProperties) = preSolution
		HideSolutionNode = FALSE
	EndGlobalSection
	GlobalSection(ExtensibilityGlobals) = postSolution
		SolutionGuid = {3C0CC335-7B68-4023-B818-A4FE81C33704}
	EndGlobalSection
EndGlobal
